
Microsoft Visual Studio Solution File, Format Version 12.00
# Visual Studio Version 17
VisualStudioVersion = 17.5.33424.131
MinimumVisualStudioVersion = 10.0.40219.1
Project("{FAE04EC0-301F-11D3-BF4B-00C04F79EFBC}") = "AccesoDatos", "AccesoDatos\AccesoDatos.csproj", "{48A09F86-8006-4042-8551-07B18A2E8F30}"
EndProject
Project("{FAE04EC0-301F-11D3-BF4B-00C04F79EFBC}") = "Negocios", "Negocios\Negocios.csproj", "{78F95005-B267-4D41-BBA2-9D165B2EF45E}"
EndProject
Project("{FAE04EC0-301F-11D3-BF4B-00C04F79EFBC}") = "Entidades", "Entidades\Entidades.csproj", "{90B928AA-766E-4675-8898-C287300240B5}"
EndProject
Project("{FAE04EC0-301F-11D3-BF4B-00C04F79EFBC}") = "Verdu", "Verdu\Verdu.csproj", "{1C2DF4CE-59E8-4171-9A32-CEB962465DE6}"
EndProject
Project("{54435603-DBB4-11D2-8724-00A0C9A8B90C}") = "VerduSetup", "VerduSetup\VerduSetup.vdproj", "{276B638D-5F6C-4378-ADDF-99DB1B0B9A58}"
EndProject
Global
	GlobalSection(SolutionConfigurationPlatforms) = preSolution
		Debug|Any CPU = Debug|Any CPU
		Release|Any CPU = Release|Any CPU
	EndGlobalSection
	GlobalSection(ProjectConfigurationPlatforms) = postSolution
		{48A09F86-8006-4042-8551-07B18A2E8F30}.Debug|Any CPU.ActiveCfg = Debug|Any CPU
		{48A09F86-8006-4042-8551-07B18A2E8F30}.Debug|Any CPU.Build.0 = Debug|Any CPU
		{48A09F86-8006-4042-8551-07B18A2E8F30}.Release|Any CPU.ActiveCfg = Release|Any CPU
		{48A09F86-8006-4042-8551-07B18A2E8F30}.Release|Any CPU.Build.0 = Release|Any CPU
		{78F95005-B267-4D41-BBA2-9D165B2EF45E}.Debug|Any CPU.ActiveCfg = Debug|Any CPU
		{78F95005-B267-4D41-BBA2-9D165B2EF45E}.Debug|Any CPU.Build.0 = Debug|Any CPU
		{78F95005-B267-4D41-BBA2-9D165B2EF45E}.Release|Any CPU.ActiveCfg = Release|Any CPU
		{78F95005-B267-4D41-BBA2-9D165B2EF45E}.Release|Any CPU.Build.0 = Release|Any CPU
		{90B928AA-766E-4675-8898-C287300240B5}.Debug|Any CPU.ActiveCfg = Debug|Any CPU
		{90B928AA-766E-4675-8898-C287300240B5}.Debug|Any CPU.Build.0 = Debug|Any CPU
		{90B928AA-766E-4675-8898-C287300240B5}.Release|Any CPU.ActiveCfg = Release|Any CPU
		{90B928AA-766E-4675-8898-C287300240B5}.Release|Any CPU.Build.0 = Release|Any CPU
		{1C2DF4CE-59E8-4171-9A32-CEB962465DE6}.Debug|Any CPU.ActiveCfg = Debug|Any CPU
		{1C2DF4CE-59E8-4171-9A32-CEB962465DE6}.Debug|Any CPU.Build.0 = Debug|Any CPU
		{1C2DF4CE-59E8-4171-9A32-CEB962465DE6}.Release|Any CPU.ActiveCfg = Release|Any CPU
		{1C2DF4CE-59E8-4171-9A32-CEB962465DE6}.Release|Any CPU.Build.0 = Release|Any CPU
		{276B638D-5F6C-4378-ADDF-99DB1B0B9A58}.Debug|Any CPU.ActiveCfg = Debug
		{276B638D-5F6C-4378-ADDF-99DB1B0B9A58}.Release|Any CPU.ActiveCfg = Release
	EndGlobalSection
	GlobalSection(SolutionProperties) = preSolution
		HideSolutionNode = FALSE
	EndGlobalSection
	GlobalSection(ExtensibilityGlobals) = postSolution
		SolutionGuid = {0D67B7DA-BCAB-4660-8FCF-08F0D113C654}
	EndGlobalSection
EndGlobal
